
Microsoft Visual Studio Solution File, Format Version 12.00
# Visual Studio Version 17
VisualStudioVersion = 17.4.33213.308
MinimumVisualStudioVersion = 10.0.40219.1
Project("{00D1A9C2-B5F0-4AF3-8072-F6C62B433612}") = "Project1", "Project1.sqlproj", "{2C4335F6-DCB2-452E-BA4B-A0D3F5FD1B11}"
EndProject
Project("{2150E333-8FDC-42A3-9474-1A3956D46DE8}") = "Элементы решения", "Элементы решения", "{601F6E2A-E774-44E2-BE18-5B923DCF41FB}"
	ProjectSection(SolutionItems) = preProject
		SQLQuery1.sql = SQLQuery1.sql
		SQLQuery2.sql = SQLQuery2.sql
	EndProjectSection
EndProject
Global
	GlobalSection(SolutionConfigurationPlatforms) = preSolution
		Debug|Any CPU = Debug|Any CPU
		Release|Any CPU = Release|Any CPU
	EndGlobalSection
	GlobalSection(ProjectConfigurationPlatforms) = postSolution
		{2C4335F6-DCB2-452E-BA4B-A0D3F5FD1B11}.Debug|Any CPU.ActiveCfg = Debug|Any CPU
		{2C4335F6-DCB2-452E-BA4B-A0D3F5FD1B11}.Debug|Any CPU.Build.0 = Debug|Any CPU
		{2C4335F6-DCB2-452E-BA4B-A0D3F5FD1B11}.Debug|Any CPU.Deploy.0 = Debug|Any CPU
		{2C4335F6-DCB2-452E-BA4B-A0D3F5FD1B11}.Release|Any CPU.ActiveCfg = Release|Any CPU
		{2C4335F6-DCB2-452E-BA4B-A0D3F5FD1B11}.Release|Any CPU.Build.0 = Release|Any CPU
		{2C4335F6-DCB2-452E-BA4B-A0D3F5FD1B11}.Release|Any CPU.Deploy.0 = Release|Any CPU
	EndGlobalSection
	GlobalSection(SolutionProperties) = preSolution
		HideSolutionNode = FALSE
	EndGlobalSection
	GlobalSection(ExtensibilityGlobals) = postSolution
		SolutionGuid = {13A58AB3-A0CB-4077-B333-E013B0B7E6BC}
	EndGlobalSection
EndGlobal
